
Microsoft Visual Studio Solution File, Format Version 12.00
# Visual Studio 14
VisualStudioVersion = 14.0.25420.1
MinimumVisualStudioVersion = 10.0.40219.1
Project("{FAE04EC0-301F-11D3-BF4B-00C04F79EFBC}") = "AzureStorageUpload", "AzureStorageUpload\AzureStorageUpload.csproj", "{D8C6830B-7F7A-4C6F-8F24-58B8E7E7AAF6}"
EndProject
Project("{FAE04EC0-301F-11D3-BF4B-00C04F79EFBC}") = "ASU-Console", "ASU-Console\ASU-Console.csproj", "{49A1F38E-BAED-470B-8305-C20DD1B20983}"
EndProject
Global
	GlobalSection(SolutionConfigurationPlatforms) = preSolution
		Debug|Any CPU = Debug|Any CPU
		Release|Any CPU = Release|Any CPU
	EndGlobalSection
	GlobalSection(ProjectConfigurationPlatforms) = postSolution
		{D8C6830B-7F7A-4C6F-8F24-58B8E7E7AAF6}.Debug|Any CPU.ActiveCfg = Debug|Any CPU
		{D8C6830B-7F7A-4C6F-8F24-58B8E7E7AAF6}.Debug|Any CPU.Build.0 = Debug|Any CPU
		{D8C6830B-7F7A-4C6F-8F24-58B8E7E7AAF6}.Release|Any CPU.ActiveCfg = Release|Any CPU
		{D8C6830B-7F7A-4C6F-8F24-58B8E7E7AAF6}.Release|Any CPU.Build.0 = Release|Any CPU
		{49A1F38E-BAED-470B-8305-C20DD1B20983}.Debug|Any CPU.ActiveCfg = Debug|Any CPU
		{49A1F38E-BAED-470B-8305-C20DD1B20983}.Debug|Any CPU.Build.0 = Debug|Any CPU
		{49A1F38E-BAED-470B-8305-C20DD1B20983}.Release|Any CPU.ActiveCfg = Release|Any CPU
		{49A1F38E-BAED-470B-8305-C20DD1B20983}.Release|Any CPU.Build.0 = Release|Any CPU
	EndGlobalSection
	GlobalSection(SolutionProperties) = preSolution
		HideSolutionNode = FALSE
	EndGlobalSection
EndGlobal
